{
  "name": "ui5-middleware-ts",
  "version": "0.0.1",
  "lockfileVersion": 2,
  "requires": true,
  "packages": {
    "": {
      "version": "0.0.1",
      "license": "MIT",
      "dependencies": {
        "ui5-ts-amd": "C:\\Users\\D062318\\Documents\\Projekte\\opensource\\ui5-ts-amd"
      }
    },
    "C:/Users/D062318/Documents/Projekte/opensource/ui5-ts-amd": {},
    "node_modules/ui5-ts-amd": {
      "resolved": "C:/Users/D062318/Documents/Projekte/opensource/ui5-ts-amd",
      "link": true
    }
  },
  "dependencies": {
    "ui5-ts-amd": {
      "version": "file:C:/Users/D062318/Documents/Projekte/opensource/ui5-ts-amd"
    }
  }
}
